
Microsoft Visual Studio Solution File, Format Version 12.00
# Visual Studio 15
VisualStudioVersion = 15.0.27130.2020
MinimumVisualStudioVersion = 10.0.40219.1
Project("{FAE04EC0-301F-11D3-BF4B-00C04F79EFBC}") = "system", "system\system.csproj", "{4FE6EE95-EB11-4E25-9C85-048D70EDAF52}"
EndProject
Project("{8BC9CEB8-8B4A-11D0-8D11-00A0C91BC942}") = "jGUI", "..\MyUIEngine\jGUI\jGUI.vcxproj", "{99C15AB6-CDFB-42D4-8784-3C3DB24AB18D}"
EndProject
Project("{8BC9CEB8-8B4A-11D0-8D11-00A0C91BC942}") = "CliLib", "CliLib\CliLib.vcxproj", "{17589C8D-833A-4110-9696-9CF08EA4E681}"
EndProject
Global
	GlobalSection(SolutionConfigurationPlatforms) = preSolution
		Debug|Any CPU = Debug|Any CPU
		Debug|x64 = Debug|x64
		Debug|x86 = Debug|x86
		Release|Any CPU = Release|Any CPU
		Release|x64 = Release|x64
		Release|x86 = Release|x86
	EndGlobalSection
	GlobalSection(ProjectConfigurationPlatforms) = postSolution
		{4FE6EE95-EB11-4E25-9C85-048D70EDAF52}.Debug|Any CPU.ActiveCfg = Debug|Any CPU
		{4FE6EE95-EB11-4E25-9C85-048D70EDAF52}.Debug|Any CPU.Build.0 = Debug|Any CPU
		{4FE6EE95-EB11-4E25-9C85-048D70EDAF52}.Debug|x64.ActiveCfg = Debug|Any CPU
		{4FE6EE95-EB11-4E25-9C85-048D70EDAF52}.Debug|x64.Build.0 = Debug|Any CPU
		{4FE6EE95-EB11-4E25-9C85-048D70EDAF52}.Debug|x86.ActiveCfg = Debug|Any CPU
		{4FE6EE95-EB11-4E25-9C85-048D70EDAF52}.Debug|x86.Build.0 = Debug|Any CPU
		{4FE6EE95-EB11-4E25-9C85-048D70EDAF52}.Release|Any CPU.ActiveCfg = Release|Any CPU
		{4FE6EE95-EB11-4E25-9C85-048D70EDAF52}.Release|Any CPU.Build.0 = Release|Any CPU
		{4FE6EE95-EB11-4E25-9C85-048D70EDAF52}.Release|x64.ActiveCfg = Release|Any CPU
		{4FE6EE95-EB11-4E25-9C85-048D70EDAF52}.Release|x64.Build.0 = Release|Any CPU
		{4FE6EE95-EB11-4E25-9C85-048D70EDAF52}.Release|x86.ActiveCfg = Release|Any CPU
		{4FE6EE95-EB11-4E25-9C85-048D70EDAF52}.Release|x86.Build.0 = Release|Any CPU
		{99C15AB6-CDFB-42D4-8784-3C3DB24AB18D}.Debug|Any CPU.ActiveCfg = Debug|Win32
		{99C15AB6-CDFB-42D4-8784-3C3DB24AB18D}.Debug|x64.ActiveCfg = Debug|x64
		{99C15AB6-CDFB-42D4-8784-3C3DB24AB18D}.Debug|x64.Build.0 = Debug|x64
		{99C15AB6-CDFB-42D4-8784-3C3DB24AB18D}.Debug|x86.ActiveCfg = Debug|Win32
		{99C15AB6-CDFB-42D4-8784-3C3DB24AB18D}.Debug|x86.Build.0 = Debug|Win32
		{99C15AB6-CDFB-42D4-8784-3C3DB24AB18D}.Release|Any CPU.ActiveCfg = Release|Win32
		{99C15AB6-CDFB-42D4-8784-3C3DB24AB18D}.Release|x64.ActiveCfg = Release|x64
		{99C15AB6-CDFB-42D4-8784-3C3DB24AB18D}.Release|x64.Build.0 = Release|x64
		{99C15AB6-CDFB-42D4-8784-3C3DB24AB18D}.Release|x86.ActiveCfg = Release|Win32
		{99C15AB6-CDFB-42D4-8784-3C3DB24AB18D}.Release|x86.Build.0 = Release|Win32
		{17589C8D-833A-4110-9696-9CF08EA4E681}.Debug|Any CPU.ActiveCfg = Debug|Win32
		{17589C8D-833A-4110-9696-9CF08EA4E681}.Debug|x64.ActiveCfg = Debug|x64
		{17589C8D-833A-4110-9696-9CF08EA4E681}.Debug|x64.Build.0 = Debug|x64
		{17589C8D-833A-4110-9696-9CF08EA4E681}.Debug|x86.ActiveCfg = Debug|Win32
		{17589C8D-833A-4110-9696-9CF08EA4E681}.Debug|x86.Build.0 = Debug|Win32
		{17589C8D-833A-4110-9696-9CF08EA4E681}.Release|Any CPU.ActiveCfg = Release|Win32
		{17589C8D-833A-4110-9696-9CF08EA4E681}.Release|x64.ActiveCfg = Release|x64
		{17589C8D-833A-4110-9696-9CF08EA4E681}.Release|x64.Build.0 = Release|x64
		{17589C8D-833A-4110-9696-9CF08EA4E681}.Release|x86.ActiveCfg = Release|Win32
		{17589C8D-833A-4110-9696-9CF08EA4E681}.Release|x86.Build.0 = Release|Win32
	EndGlobalSection
	GlobalSection(SolutionProperties) = preSolution
		HideSolutionNode = FALSE
	EndGlobalSection
	GlobalSection(ExtensibilityGlobals) = postSolution
		SolutionGuid = {43D815E2-83CA-463F-8C1D-2FBFFEE63F4B}
	EndGlobalSection
EndGlobal
